
Microsoft Visual Studio Solution File, Format Version 12.00
# Visual Studio Version 17
VisualStudioVersion = 17.14.36310.24 d17.14
MinimumVisualStudioVersion = 10.0.40219.1
Project("{FAE04EC0-301F-11D3-BF4B-00C04F79EFBC}") = "Portfolio Page", "Portfolio Page.csproj", "{521165E7-234F-4279-9003-89222761B8FD}"
EndProject
Global
	GlobalSection(SolutionConfigurationPlatforms) = preSolution
		Debug|Any CPU = Debug|Any CPU
		Release|Any CPU = Release|Any CPU
	EndGlobalSection
	GlobalSection(ProjectConfigurationPlatforms) = postSolution
		{521165E7-234F-4279-9003-89222761B8FD}.Debug|Any CPU.ActiveCfg = Debug|Any CPU
		{521165E7-234F-4279-9003-89222761B8FD}.Debug|Any CPU.Build.0 = Debug|Any CPU
		{521165E7-234F-4279-9003-89222761B8FD}.Release|Any CPU.ActiveCfg = Release|Any CPU
		{521165E7-234F-4279-9003-89222761B8FD}.Release|Any CPU.Build.0 = Release|Any CPU
	EndGlobalSection
	GlobalSection(SolutionProperties) = preSolution
		HideSolutionNode = FALSE
	EndGlobalSection
	GlobalSection(ExtensibilityGlobals) = postSolution
		SolutionGuid = {0162091C-745B-44C2-9C67-18571C843B1F}
	EndGlobalSection
EndGlobal
